// !$*UTF8*$!
{
	archiveVersion = 1;
	classes = {
	};
	objectVersion = 55;
	objects = {

/* Begin PBXBuildFile section */
		981F7C0627D118840005E693 /* BookStore.swift in Sources */ = {isa = PBXBuildFile; fileRef = 981F7C0527D118840005E693 /* BookStore.swift */; };
		98315A6227CD303800D3A849 /* DetailBookViewController.swift in Sources */ = {isa = PBXBuildFile; fileRef = 98315A6127CD303800D3A849 /* DetailBookViewController.swift */; };
		9867503927C7970D00600631 /* Book.swift in Sources */ = {isa = PBXBuildFile; fileRef = 9867503827C7970D00600631 /* Book.swift */; };
		9867503B27C79CC200600631 /* AddBookViewController.swift in Sources */ = {isa = PBXBuildFile; fileRef = 9867503A27C79CC200600631 /* AddBookViewController.swift */; };
		98BD937B27BD317000D1C47C /* AppDelegate.swift in Sources */ = {isa = PBXBuildFile; fileRef = 98BD937A27BD317000D1C47C /* AppDelegate.swift */; };
		98BD937D27BD317000D1C47C /* SceneDelegate.swift in Sources */ = {isa = PBXBuildFile; fileRef = 98BD937C27BD317000D1C47C /* SceneDelegate.swift */; };
		98BD938227BD317000D1C47C /* Main.storyboard in Resources */ = {isa = PBXBuildFile; fileRef = 98BD938027BD317000D1C47C /* Main.storyboard */; };
		98BD938427BD317000D1C47C /* Assets.xcassets in Resources */ = {isa = PBXBuildFile; fileRef = 98BD938327BD317000D1C47C /* Assets.xcassets */; };
		98BD938727BD317000D1C47C /* LaunchScreen.storyboard in Resources */ = {isa = PBXBuildFile; fileRef = 98BD938527BD317000D1C47C /* LaunchScreen.storyboard */; };
		98BD938F27BD339300D1C47C /* TableViewController.swift in Sources */ = {isa = PBXBuildFile; fileRef = 98BD938E27BD339300D1C47C /* TableViewController.swift */; };
		98BD939127BD428E00D1C47C /* TableViewCell.swift in Sources */ = {isa = PBXBuildFile; fileRef = 98BD939027BD428E00D1C47C /* TableViewCell.swift */; };
/* End PBXBuildFile section */

/* Begin PBXFileReference section */
		981F7C0527D118840005E693 /* BookStore.swift */ = {isa = PBXFileReference; lastKnownFileType = sourcecode.swift; path = BookStore.swift; sourceTree = "<group>"; };
		98315A6127CD303800D3A849 /* DetailBookViewController.swift */ = {isa = PBXFileReference; lastKnownFileType = sourcecode.swift; path = DetailBookViewController.swift; sourceTree = "<group>"; };
		9867503827C7970D00600631 /* Book.swift */ = {isa = PBXFileReference; lastKnownFileType = sourcecode.swift; path = Book.swift; sourceTree = "<group>"; };
		9867503A27C79CC200600631 /* AddBookViewController.swift */ = {isa = PBXFileReference; lastKnownFileType = sourcecode.swift; path = AddBookViewController.swift; sourceTree = "<group>"; };
		98BD937727BD317000D1C47C /* My Books.app */ = {isa = PBXFileReference; explicitFileType = wrapper.application; includeInIndex = 0; path = "My Books.app"; sourceTree = BUILT_PRODUCTS_DIR; };
		98BD937A27BD317000D1C47C /* AppDelegate.swift */ = {isa = PBXFileReference; lastKnownFileType = sourcecode.swift; path = AppDelegate.swift; sourceTree = "<group>"; };
		98BD937C27BD317000D1C47C /* SceneDelegate.swift */ = {isa = PBXFileReference; lastKnownFileType = sourcecode.swift; path = SceneDelegate.swift; sourceTree = "<group>"; };
		98BD938127BD317000D1C47C /* Base */ = {isa = PBXFileReference; lastKnownFileType = file.storyboard; name = Base; path = Base.lproj/Main.storyboard; sourceTree = "<group>"; };
		98BD938327BD317000D1C47C /* Assets.xcassets */ = {isa = PBXFileReference; lastKnownFileType = folder.assetcatalog; path = Assets.xcassets; sourceTree = "<group>"; };
		98BD938627BD317000D1C47C /* Base */ = {isa = PBXFileReference; lastKnownFileType = file.storyboard; name = Base; path = Base.lproj/LaunchScreen.storyboard; sourceTree = "<group>"; };
		98BD938827BD317000D1C47C /* Info.plist */ = {isa = PBXFileReference; lastKnownFileType = text.plist.xml; path = Info.plist; sourceTree = "<group>"; };
		98BD938E27BD339300D1C47C /* TableViewController.swift */ = {isa = PBXFileReference; lastKnownFileType = sourcecode.swift; path = TableViewController.swift; sourceTree = "<group>"; };
		98BD939027BD428E00D1C47C /* TableViewCell.swift */ = {isa = PBXFileReference; lastKnownFileType = sourcecode.swift; path = TableViewCell.swift; sourceTree = "<group>"; };
/* End PBXFileReference section */

/* Begin PBXFrameworksBuildPhase section */
		98BD937427BD317000D1C47C /* Frameworks */ = {
			isa = PBXFrameworksBuildPhase;
			buildActionMask = 2147483647;
			files = (
			);
			runOnlyForDeploymentPostprocessing = 0;
		};
/* End PBXFrameworksBuildPhase section */

/* Begin PBXGroup section */
		98315A5F27C8D5C300D3A849 /* View Controllers */ = {
			isa = PBXGroup;
			children = (
				98BD938E27BD339300D1C47C /* TableViewController.swift */,
				9867503A27C79CC200600631 /* AddBookViewController.swift */,
				98315A6127CD303800D3A849 /* DetailBookViewController.swift */,
			);
			path = "View Controllers";
			sourceTree = "<group>";
		};
		98315A6027C8D61800D3A849 /* Data Model */ = {
			isa = PBXGroup;
			children = (
				9867503827C7970D00600631 /* Book.swift */,
				981F7C0527D118840005E693 /* BookStore.swift */,
				98BD939027BD428E00D1C47C /* TableViewCell.swift */,
			);
			path = "Data Model";
			sourceTree = "<group>";
		};
		98BD936E27BD317000D1C47C = {
			isa = PBXGroup;
			children = (
				98BD937927BD317000D1C47C /* My Books */,
				98BD937827BD317000D1C47C /* Products */,
			);
			sourceTree = "<group>";
		};
		98BD937827BD317000D1C47C /* Products */ = {
			isa = PBXGroup;
			children = (
				98BD937727BD317000D1C47C /* My Books.app */,
			);
			name = Products;
			sourceTree = "<group>";
		};
		98BD937927BD317000D1C47C /* My Books */ = {
			isa = PBXGroup;
			children = (
				98BD937A27BD317000D1C47C /* AppDelegate.swift */,
				98BD937C27BD317000D1C47C /* SceneDelegate.swift */,
				98315A5F27C8D5C300D3A849 /* View Controllers */,
				98315A6027C8D61800D3A849 /* Data Model */,
				98BD938027BD317000D1C47C /* Main.storyboard */,
				98BD938327BD317000D1C47C /* Assets.xcassets */,
				98BD938527BD317000D1C47C /* LaunchScreen.storyboard */,
				98BD938827BD317000D1C47C /* Info.plist */,
			);
			path = "My Books";
			sourceTree = "<group>";
		};
/* End PBXGroup section */

/* Begin PBXNativeTarget section */
		98BD937627BD317000D1C47C /* My Books */ = {
			isa = PBXNativeTarget;
			buildConfigurationList = 98BD938B27BD317000D1C47C /* Build configuration list for PBXNativeTarget "My Books" */;
			buildPhases = (
				98BD937327BD317000D1C47C /* Sources */,
				98BD937427BD317000D1C47C /* Frameworks */,
				98BD937527BD317000D1C47C /* Resources */,
			);
			buildRules = (
			);
			dependencies = (
			);
			name = "My Books";
			productName = "My Books";
			productReference = 98BD937727BD317000D1C47C /* My Books.app */;
			productType = "com.apple.product-type.application";
		};
/* End PBXNativeTarget section */

/* Begin PBXProject section */
		98BD936F27BD317000D1C47C /* Project object */ = {
			isa = PBXProject;
			attributes = {
				BuildIndependentTargetsInParallel = 1;
				LastSwiftUpdateCheck = 1320;
				LastUpgradeCheck = 1320;
				TargetAttributes = {
					98BD937627BD317000D1C47C = {
						CreatedOnToolsVersion = 13.2.1;
					};
				};
			};
			buildConfigurationList = 98BD937227BD317000D1C47C /* Build configuration list for PBXProject "My Books" */;
			compatibilityVersion = "Xcode 13.0";
			developmentRegion = en;
			hasScannedForEncodings = 0;
			knownRegions = (
				en,
				Base,
			);
			mainGroup = 98BD936E27BD317000D1C47C;
			productRefGroup = 98BD937827BD317000D1C47C /* Products */;
			projectDirPath = "";
			projectRoot = "";
			targets = (
				98BD937627BD317000D1C47C /* My Books */,
			);
		};
/* End PBXProject section */

/* Begin PBXResourcesBuildPhase section */
		98BD937527BD317000D1C47C /* Resources */ = {
			isa = PBXResourcesBuildPhase;
			buildActionMask = 2147483647;
			files = (
				98BD938727BD317000D1C47C /* LaunchScreen.storyboard in Resources */,
				98BD938427BD317000D1C47C /* Assets.xcassets in Resources */,
				98BD938227BD317000D1C47C /* Main.storyboard in Resources */,
			);
			runOnlyForDeploymentPostprocessing = 0;
		};
/* End PBXResourcesBuildPhase section */

/* Begin PBXSourcesBuildPhase section */
		98BD937327BD317000D1C47C /* Sources */ = {
			isa = PBXSourcesBuildPhase;
			buildActionMask = 2147483647;
			files = (
				98BD937B27BD317000D1C47C /* AppDelegate.swift in Sources */,
				9867503B27C79CC200600631 /* AddBookViewController.swift in Sources */,
				981F7C0627D118840005E693 /* BookStore.swift in Sources */,
				98BD939127BD428E00D1C47C /* TableViewCell.swift in Sources */,
				98BD937D27BD317000D1C47C /* SceneDelegate.swift in Sources */,
				98BD938F27BD339300D1C47C /* TableViewController.swift in Sources */,
				98315A6227CD303800D3A849 /* DetailBookViewController.swift in Sources */,
				9867503927C7970D00600631 /* Book.swift in Sources */,
			);
			runOnlyForDeploymentPostprocessing = 0;
		};
/* End PBXSourcesBuildPhase section */

/* Begin PBXVariantGroup section */
		98BD938027BD317000D1C47C /* Main.storyboard */ = {
			isa = PBXVariantGroup;
			children = (
				98BD938127BD317000D1C47C /* Base */,
			);
			name = Main.storyboard;
			sourceTree = "<group>";
		};
		98BD938527BD317000D1C47C /* LaunchScreen.storyboard */ = {
			isa = PBXVariantGroup;
			children = (
				98BD938627BD317000D1C47C /* Base */,
			);
			name = LaunchScreen.storyboard;
			sourceTree = "<group>";
		};
/* End PBXVariantGroup section */

/* Begin XCBuildConfiguration section */
		98BD938927BD317000D1C47C /* Debug */ = {
			isa = XCBuildConfiguration;
			buildSettings = {
				ALWAYS_SEARCH_USER_PATHS = NO;
				CLANG_ANALYZER_NONNULL = YES;
				CLANG_ANALYZER_NUMBER_OBJECT_CONVERSION = YES_AGGRESSIVE;
				CLANG_CXX_LANGUAGE_STANDARD = "gnu++17";
				CLANG_CXX_LIBRARY = "libc++";
				CLANG_ENABLE_MODULES = YES;
				CLANG_ENABLE_OBJC_ARC = YES;
				CLANG_ENABLE_OBJC_WEAK = YES;
				CLANG_WARN_BLOCK_CAPTURE_AUTORELEASING = YES;
				CLANG_WARN_BOOL_CONVERSION = YES;
				CLANG_WARN_COMMA = YES;
				CLANG_WARN_CONSTANT_CONVERSION = YES;
				CLANG_WARN_DEPRECATED_OBJC_IMPLEMENTATIONS = YES;
				CLANG_WARN_DIRECT_OBJC_ISA_USAGE = YES_ERROR;
				CLANG_WARN_DOCUMENTATION_COMMENTS = YES;
				CLANG_WARN_EMPTY_BODY = YES;
				CLANG_WARN_ENUM_CONVERSION = YES;
				CLANG_WARN_INFINITE_RECURSION = YES;
				CLANG_WARN_INT_CONVERSION = YES;
				CLANG_WARN_NON_LITERAL_NULL_CONVERSION = YES;
				CLANG_WARN_OBJC_IMPLICIT_RETAIN_SELF = YES;
				CLANG_WARN_OBJC_LITERAL_CONVERSION = YES;
				CLANG_WARN_OBJC_ROOT_CLASS = YES_ERROR;
				CLANG_WARN_QUOTED_INCLUDE_IN_FRAMEWORK_HEADER = YES;
				CLANG_WARN_RANGE_LOOP_ANALYSIS = YES;
				CLANG_WARN_STRICT_PROTOTYPES = YES;
				CLANG_WARN_SUSPICIOUS_MOVE = YES;
				CLANG_WARN_UNGUARDED_AVAILABILITY = YES_AGGRESSIVE;
				CLANG_WARN_UNREACHABLE_CODE = YES;
				CLANG_WARN__DUPLICATE_METHOD_MATCH = YES;
				COPY_PHASE_STRIP = NO;
				DEBUG_INFORMATION_FORMAT = dwarf;
				ENABLE_STRICT_OBJC_MSGSEND = YES;
				ENABLE_TESTABILITY = YES;
				GCC_C_LANGUAGE_STANDARD = gnu11;
				GCC_DYNAMIC_NO_PIC = NO;
				GCC_NO_COMMON_BLOCKS = YES;
				GCC_OPTIMIZATION_LEVEL = 0;
				GCC_PREPROCESSOR_DEFINITIONS = (
					"DEBUG=1",
					"$(inherited)",
				);
				GCC_WARN_64_TO_32_BIT_CONVERSION = YES;
				GCC_WARN_ABOUT_RETURN_TYPE = YES_ERROR;
				GCC_WARN_UNDECLARED_SELECTOR = YES;
				GCC_WARN_UNINITIALIZED_AUTOS = YES_AGGRESSIVE;
				GCC_WARN_UNUSED_FUNCTION = YES;
				GCC_WARN_UNUSED_VARIABLE = YES;
				IPHONEOS_DEPLOYMENT_TARGET = 15.2;
				MTL_ENABLE_DEBUG_INFO = INCLUDE_SOURCE;
				MTL_FAST_MATH = YES;
				ONLY_ACTIVE_ARCH = YES;
				SDKROOT = iphoneos;
				SWIFT_ACTIVE_COMPILATION_CONDITIONS = DEBUG;
				SWIFT_OPTIMIZATION_LEVEL = "-Onone";
			};
			name = Debug;
		};
		98BD938A27BD317000D1C47C /* Release */ = {
			isa = XCBuildConfiguration;
			buildSettings = {
				ALWAYS_SEARCH_USER_PATHS = NO;
				CLANG_ANALYZER_NONNULL = YES;
				CLANG_ANALYZER_NUMBER_OBJECT_CONVERSION = YES_AGGRESSIVE;
				CLANG_CXX_LANGUAGE_STANDARD = "gnu++17";
				CLANG_CXX_LIBRARY = "libc++";
				CLANG_ENABLE_MODULES = YES;
				CLANG_ENABLE_OBJC_ARC = YES;
				CLANG_ENABLE_OBJC_WEAK = YES;
				CLANG_WARN_BLOCK_CAPTURE_AUTORELEASING = YES;
				CLANG_WARN_BOOL_CONVERSION = YES;
				CLANG_WARN_COMMA = YES;
				CLANG_WARN_CONSTANT_CONVERSION = YES;
				CLANG_WARN_DEPRECATED_OBJC_IMPLEMENTATIONS = YES;
				CLANG_WARN_DIRECT_OBJC_ISA_USAGE = YES_ERROR;
				CLANG_WARN_DOCUMENTATION_COMMENTS = YES;
				CLANG_WARN_EMPTY_BODY = YES;
				CLANG_WARN_ENUM_CONVERSION = YES;
				CLANG_WARN_INFINITE_RECURSION = YES;
				CLANG_WARN_INT_CONVERSION = YES;
				CLANG_WARN_NON_LITERAL_NULL_CONVERSION = YES;
				CLANG_WARN_OBJC_IMPLICIT_RETAIN_SELF = YES;
				CLANG_WARN_OBJC_LITERAL_CONVERSION = YES;
				CLANG_WARN_OBJC_ROOT_CLASS = YES_ERROR;
				CLANG_WARN_QUOTED_INCLUDE_IN_FRAMEWORK_HEADER = YES;
				CLANG_WARN_RANGE_LOOP_ANALYSIS = YES;
				CLANG_WARN_STRICT_PROTOTYPES = YES;
				CLANG_WARN_SUSPICIOUS_MOVE = YES;
				CLANG_WARN_UNGUARDED_AVAILABILITY = YES_AGGRESSIVE;
				CLANG_WARN_UNREACHABLE_CODE = YES;
				CLANG_WARN__DUPLICATE_METHOD_MATCH = YES;
				COPY_PHASE_STRIP = NO;
				DEBUG_INFORMATION_FORMAT = "dwarf-with-dsym";
				ENABLE_NS_ASSERTIONS = NO;
				ENABLE_STRICT_OBJC_MSGSEND = YES;
				GCC_C_LANGUAGE_STANDARD = gnu11;
				GCC_NO_COMMON_BLOCKS = YES;
				GCC_WARN_64_TO_32_BIT_CONVERSION = YES;
				GCC_WARN_ABOUT_RETURN_TYPE = YES_ERROR;
				GCC_WARN_UNDECLARED_SELECTOR = YES;
				GCC_WARN_UNINITIALIZED_AUTOS = YES_AGGRESSIVE;
				GCC_WARN_UNUSED_FUNCTION = YES;
				GCC_WARN_UNUSED_VARIABLE = YES;
				IPHONEOS_DEPLOYMENT_TARGET = 15.2;
				MTL_ENABLE_DEBUG_INFO = NO;
				MTL_FAST_MATH = YES;
				SDKROOT = iphoneos;
				SWIFT_COMPILATION_MODE = wholemodule;
				SWIFT_OPTIMIZATION_LEVEL = "-O";
				VALIDATE_PRODUCT = YES;
			};
			name = Release;
		};
		98BD938C27BD317000D1C47C /* Debug */ = {
			isa = XCBuildConfiguration;
			buildSettings = {
				ASSETCATALOG_COMPILER_APPICON_NAME = AppIcon;
				ASSETCATALOG_COMPILER_GLOBAL_ACCENT_COLOR_NAME = AccentColor;
				CODE_SIGN_STYLE = Automatic;
				CURRENT_PROJECT_VERSION = 1;
				DEVELOPMENT_TEAM = CJB64PWWQJ;
				GENERATE_INFOPLIST_FILE = YES;
				INFOPLIST_FILE = "My Books/Info.plist";
				INFOPLIST_KEY_UIApplicationSupportsIndirectInputEvents = YES;
				INFOPLIST_KEY_UILaunchStoryboardName = LaunchScreen;
				INFOPLIST_KEY_UIMainStoryboardFile = Main;
				INFOPLIST_KEY_UISupportedInterfaceOrientations_iPad = "UIInterfaceOrientationPortrait UIInterfaceOrientationPortraitUpsideDown UIInterfaceOrientationLandscapeLeft UIInterfaceOrientationLandscapeRight";
				INFOPLIST_KEY_UISupportedInterfaceOrientations_iPhone = "UIInterfaceOrientationPortrait UIInterfaceOrientationLandscapeLeft UIInterfaceOrientationLandscapeRight";
				LD_RUNPATH_SEARCH_PATHS = (
					"$(inherited)",
					"@executable_path/Frameworks",
				);
				MARKETING_VERSION = 1.0;
				PRODUCT_BUNDLE_IDENTIFIER = "Matthew-Axenov-2000.My-Books";
				PRODUCT_NAME = "$(TARGET_NAME)";
				SWIFT_EMIT_LOC_STRINGS = YES;
				SWIFT_VERSION = 5.0;
				TARGETED_DEVICE_FAMILY = "1,2";
			};
			name = Debug;
		};
		98BD938D27BD317000D1C47C /* Release */ = {
			isa = XCBuildConfiguration;
			buildSettings = {
				ASSETCATALOG_COMPILER_APPICON_NAME = AppIcon;
				ASSETCATALOG_COMPILER_GLOBAL_ACCENT_COLOR_NAME = AccentColor;
				CODE_SIGN_STYLE = Automatic;
				CURRENT_PROJECT_VERSION = 1;
				DEVELOPMENT_TEAM = CJB64PWWQJ;
				GENERATE_INFOPLIST_FILE = YES;
				INFOPLIST_FILE = "My Books/Info.plist";
				INFOPLIST_KEY_UIApplicationSupportsIndirectInputEvents = YES;
				INFOPLIST_KEY_UILaunchStoryboardName = LaunchScreen;
				INFOPLIST_KEY_UIMainStoryboardFile = Main;
				INFOPLIST_KEY_UISupportedInterfaceOrientations_iPad = "UIInterfaceOrientationPortrait UIInterfaceOrientationPortraitUpsideDown UIInterfaceOrientationLandscapeLeft UIInterfaceOrientationLandscapeRight";
				INFOPLIST_KEY_UISupportedInterfaceOrientations_iPhone = "UIInterfaceOrientationPortrait UIInterfaceOrientationLandscapeLeft UIInterfaceOrientationLandscapeRight";
				LD_RUNPATH_SEARCH_PATHS = (
					"$(inherited)",
					"@executable_path/Frameworks",
				);
				MARKETING_VERSION = 1.0;
				PRODUCT_BUNDLE_IDENTIFIER = "Matthew-Axenov-2000.My-Books";
				PRODUCT_NAME = "$(TARGET_NAME)";
				SWIFT_EMIT_LOC_STRINGS = YES;
				SWIFT_VERSION = 5.0;
				TARGETED_DEVICE_FAMILY = "1,2";
			};
			name = Release;
		};
/* End XCBuildConfiguration section */

/* Begin XCConfigurationList section */
		98BD937227BD317000D1C47C /* Build configuration list for PBXProject "My Books" */ = {
			isa = XCConfigurationList;
			buildConfigurations = (
				98BD938927BD317000D1C47C /* Debug */,
				98BD938A27BD317000D1C47C /* Release */,
			);
			defaultConfigurationIsVisible = 0;
			defaultConfigurationName = Release;
		};
		98BD938B27BD317000D1C47C /* Build configuration list for PBXNativeTarget "My Books" */ = {
			isa = XCConfigurationList;
			buildConfigurations = (
				98BD938C27BD317000D1C47C /* Debug */,
				98BD938D27BD317000D1C47C /* Release */,
			);
			defaultConfigurationIsVisible = 0;
			defaultConfigurationName = Release;
		};
/* End XCConfigurationList section */
	};
	rootObject = 98BD936F27BD317000D1C47C /* Project object */;
}
